
Microsoft Visual Studio Solution File, Format Version 12.00
# Visual Studio Version 16
VisualStudioVersion = 16.0.32413.511
MinimumVisualStudioVersion = 10.0.40219.1
Project("{9A19103F-16F7-4668-BE54-9A1E7A4F7556}") = "Parking", "Parking\Parking.csproj", "{36707DFA-DECA-4B3C-9258-F1DB91102888}"
	ProjectSection(ProjectDependencies) = postProject
		{8ACA98CC-A777-42A6-A5DA-8A96F6E38C50} = {8ACA98CC-A777-42A6-A5DA-8A96F6E38C50}
	EndProjectSection
EndProject
Project("{9A19103F-16F7-4668-BE54-9A1E7A4F7556}") = "DBApi", "DBApi\DBApi.csproj", "{8ACA98CC-A777-42A6-A5DA-8A96F6E38C50}"
EndProject
Project("{FAE04EC0-301F-11D3-BF4B-00C04F79EFBC}") = "ParkingWPF", "ParkingWPF\ParkingWPF.csproj", "{788FDD00-F484-4B02-AD28-4C8F379E8421}"
EndProject
Global
	GlobalSection(SolutionConfigurationPlatforms) = preSolution
		Debug|Any CPU = Debug|Any CPU
		Release|Any CPU = Release|Any CPU
	EndGlobalSection
	GlobalSection(ProjectConfigurationPlatforms) = postSolution
		{36707DFA-DECA-4B3C-9258-F1DB91102888}.Debug|Any CPU.ActiveCfg = Debug|Any CPU
		{36707DFA-DECA-4B3C-9258-F1DB91102888}.Debug|Any CPU.Build.0 = Debug|Any CPU
		{36707DFA-DECA-4B3C-9258-F1DB91102888}.Release|Any CPU.ActiveCfg = Release|Any CPU
		{36707DFA-DECA-4B3C-9258-F1DB91102888}.Release|Any CPU.Build.0 = Release|Any CPU
		{8ACA98CC-A777-42A6-A5DA-8A96F6E38C50}.Debug|Any CPU.ActiveCfg = Debug|Any CPU
		{8ACA98CC-A777-42A6-A5DA-8A96F6E38C50}.Debug|Any CPU.Build.0 = Debug|Any CPU
		{8ACA98CC-A777-42A6-A5DA-8A96F6E38C50}.Release|Any CPU.ActiveCfg = Release|Any CPU
		{8ACA98CC-A777-42A6-A5DA-8A96F6E38C50}.Release|Any CPU.Build.0 = Release|Any CPU
		{788FDD00-F484-4B02-AD28-4C8F379E8421}.Debug|Any CPU.ActiveCfg = Debug|Any CPU
		{788FDD00-F484-4B02-AD28-4C8F379E8421}.Debug|Any CPU.Build.0 = Debug|Any CPU
		{788FDD00-F484-4B02-AD28-4C8F379E8421}.Release|Any CPU.ActiveCfg = Release|Any CPU
		{788FDD00-F484-4B02-AD28-4C8F379E8421}.Release|Any CPU.Build.0 = Release|Any CPU
	EndGlobalSection
	GlobalSection(SolutionProperties) = preSolution
		HideSolutionNode = FALSE
	EndGlobalSection
	GlobalSection(ExtensibilityGlobals) = postSolution
		SolutionGuid = {2FBD76EA-EC12-4B9E-819D-1AE3A1F165A1}
	EndGlobalSection
EndGlobal
